<?xml version="1.0" encoding="utf-8"?>
<Project ToolsVersion="4.0" xmlns="http://schemas.microsoft.com/developer/msbuild/2003">
  <ItemGroup>
    <Filter Include="Source Files">
      <UniqueIdentifier>{29fdfdb5-71e9-4565-8cfd-f1e261a752cd}</UniqueIdentifier>
      <Extensions>cpp;c;cxx;rc;def;r;odl;idl;hpj;bat</Extensions>
    </Filter>
    <Filter Include="Header Files">
      <UniqueIdentifier>{e2e81f37-dfdc-4f50-8baf-4fdc656f1dee}</UniqueIdentifier>
      <Extensions>h;hpp;hxx;hm;inl</Extensions>
    </Filter>
    <Filter Include="Resource Files">
      <UniqueIdentifier>{1a11c72d-3fc4-4cd6-b181-cea75bee0977}</UniqueIdentifier>
      <Extensions>ico;cur;bmp;dlg;rc2;rct;bin;rgs;gif;jpg;jpeg;jpe</Extensions>
    </Filter>
  </ItemGroup>
  <ItemGroup>
    <ClCompile Include="Arch.cpp">
      <Filter>Source Files</Filter>
    </ClCompile>
    <ClCompile Include="ArchDoc.cpp">
      <Filter>Source Files</Filter>
    </ClCompile>
    <ClCompile Include="ArchGL.cpp">
      <Filter>Source Files</Filter>
    </ClCompile>
    <ClCompile Include="ArchView.cpp">
      <Filter>Source Files</Filter>
    </ClCompile>
    <ClCompile Include="Build\Building.cpp">
      <Filter>Source Files</Filter>
    </ClCompile>
    <ClCompile Include="GL3D\Camera.cpp">
      <Filter>Source Files</Filter>
    </ClCompile>
    <ClCompile Include="Ceiling.cpp">
      <Filter>Source Files</Filter>
    </ClCompile>
    <ClCompile Include="Ceilingdlg.cpp">
      <Filter>Source Files</Filter>
    </ClCompile>
    <ClCompile Include="chair_type.cpp">
      <Filter>Source Files</Filter>
    </ClCompile>
    <ClCompile Include="ChairObject.cpp">
      <Filter>Source Files</Filter>
    </ClCompile>
    <ClCompile Include="Build\CurvedWall.cpp">
      <Filter>Source Files</Filter>
    </ClCompile>
    <ClCompile Include="CurvedWallDlg.cpp">
      <Filter>Source Files</Filter>
    </ClCompile>
    <ClCompile Include="Build\Door.cpp">
      <Filter>Source Files</Filter>
    </ClCompile>
    <ClCompile Include="Build\Element.cpp">
      <Filter>Source Files</Filter>
    </ClCompile>
    <ClCompile Include="EnBitmap.cpp">
      <Filter>Source Files</Filter>
    </ClCompile>
    <ClCompile Include="Build\Fixture.cpp">
      <Filter>Source Files</Filter>
    </ClCompile>
    <ClCompile Include="FixtureDialog.cpp">
      <Filter>Source Files</Filter>
    </ClCompile>
    <ClCompile Include="FixtureWall.cpp">
      <Filter>Source Files</Filter>
    </ClCompile>
    <ClCompile Include="Build\Floor.cpp">
      <Filter>Source Files</Filter>
    </ClCompile>
    <ClCompile Include="GL3dView.cpp">
      <Filter>Source Files</Filter>
    </ClCompile>
    <ClCompile Include="MainFrm.cpp">
      <Filter>Source Files</Filter>
    </ClCompile>
    <ClCompile Include="Build\Pillar.cpp">
      <Filter>Source Files</Filter>
    </ClCompile>
    <ClCompile Include="pillardlg.cpp">
      <Filter>Source Files</Filter>
    </ClCompile>
    <ClCompile Include="Build\Plane.cpp">
      <Filter>Source Files</Filter>
    </ClCompile>
    <ClCompile Include="SimpleWall.cpp">
      <Filter>Source Files</Filter>
    </ClCompile>
    <ClCompile Include="Sofadlg.cpp">
      <Filter>Source Files</Filter>
    </ClCompile>
    <ClCompile Include="Sofaobject.cpp">
      <Filter>Source Files</Filter>
    </ClCompile>
    <ClCompile Include="sofatype.cpp">
      <Filter>Source Files</Filter>
    </ClCompile>
    <ClCompile Include="SpiralDlg.cpp">
      <Filter>Source Files</Filter>
    </ClCompile>
    <ClCompile Include="Spiralstair.cpp">
      <Filter>Source Files</Filter>
    </ClCompile>
    <ClCompile Include="Sport.cpp">
      <Filter>Source Files</Filter>
    </ClCompile>
    <ClCompile Include="StairDlg.cpp">
      <Filter>Source Files</Filter>
    </ClCompile>
    <ClCompile Include="Build\Stairs.cpp">
      <Filter>Source Files</Filter>
    </ClCompile>
    <ClCompile Include="StdAfx.cpp">
      <Filter>Source Files</Filter>
    </ClCompile>
    <ClCompile Include="StraightWallDlg.cpp">
      <Filter>Source Files</Filter>
    </ClCompile>
    <ClCompile Include="Tabledlg.cpp">
      <Filter>Source Files</Filter>
    </ClCompile>
    <ClCompile Include="Tableobject.cpp">
      <Filter>Source Files</Filter>
    </ClCompile>
    <ClCompile Include="GL3D\Vector3.cpp">
      <Filter>Source Files</Filter>
    </ClCompile>
    <ClCompile Include="vfd.cpp">
      <Filter>Source Files</Filter>
    </ClCompile>
    <ClCompile Include="Build\Wall.cpp">
      <Filter>Source Files</Filter>
    </ClCompile>
    <ClCompile Include="Build\Wind.cpp">
      <Filter>Source Files</Filter>
    </ClCompile>
  </ItemGroup>
  <ItemGroup>
    <ResourceCompile Include="Arch.rc">
      <Filter>Source Files</Filter>
    </ResourceCompile>
  </ItemGroup>
  <ItemGroup>
    <ClInclude Include="Arch.h">
      <Filter>Header Files</Filter>
    </ClInclude>
    <ClInclude Include="Build\ArchCons.h">
      <Filter>Header Files</Filter>
    </ClInclude>
    <ClInclude Include="ArchDoc.h">
      <Filter>Header Files</Filter>
    </ClInclude>
    <ClInclude Include="Archdraw.h">
      <Filter>Header Files</Filter>
    </ClInclude>
    <ClInclude Include="ArchGL.h">
      <Filter>Header Files</Filter>
    </ClInclude>
    <ClInclude Include="ArchView.h">
      <Filter>Header Files</Filter>
    </ClInclude>
    <ClInclude Include="Build\Building.h">
      <Filter>Header Files</Filter>
    </ClInclude>
    <ClInclude Include="GL3D\Camera.h">
      <Filter>Header Files</Filter>
    </ClInclude>
    <ClInclude Include="Ceiling.h">
      <Filter>Header Files</Filter>
    </ClInclude>
    <ClInclude Include="Ceilingdlg.h">
      <Filter>Header Files</Filter>
    </ClInclude>
    <ClInclude Include="chair_type.h">
      <Filter>Header Files</Filter>
    </ClInclude>
    <ClInclude Include="ChairObject.h">
      <Filter>Header Files</Filter>
    </ClInclude>
    <ClInclude Include="Build\CurvedWall.h">
      <Filter>Header Files</Filter>
    </ClInclude>
    <ClInclude Include="CurvedWallDlg.h">
      <Filter>Header Files</Filter>
    </ClInclude>
    <ClInclude Include="Build\Door.h">
      <Filter>Header Files</Filter>
    </ClInclude>
    <ClInclude Include="Build\Element.h">
      <Filter>Header Files</Filter>
    </ClInclude>
    <ClInclude Include="EnBitmap.h">
      <Filter>Header Files</Filter>
    </ClInclude>
    <ClInclude Include="Build\Fixture.h">
      <Filter>Header Files</Filter>
    </ClInclude>
    <ClInclude Include="FixtureDialog.h">
      <Filter>Header Files</Filter>
    </ClInclude>
    <ClInclude Include="FixtureWall.h">
      <Filter>Header Files</Filter>
    </ClInclude>
    <ClInclude Include="Build\Floor.h">
      <Filter>Header Files</Filter>
    </ClInclude>
    <ClInclude Include="GL3dView.h">
      <Filter>Header Files</Filter>
    </ClInclude>
    <ClInclude Include="GL3D\glprocs.h">
      <Filter>Header Files</Filter>
    </ClInclude>
    <ClInclude Include="MainFrm.h">
      <Filter>Header Files</Filter>
    </ClInclude>
    <ClInclude Include="Build\Pillar.h">
      <Filter>Header Files</Filter>
    </ClInclude>
    <ClInclude Include="pillardlg.h">
      <Filter>Header Files</Filter>
    </ClInclude>
    <ClInclude Include="Build\Plane.h">
      <Filter>Header Files</Filter>
    </ClInclude>
    <ClInclude Include="Resource.h">
      <Filter>Header Files</Filter>
    </ClInclude>
    <ClInclude Include="SimpleWall.h">
      <Filter>Header Files</Filter>
    </ClInclude>
    <ClInclude Include="Sofadlg.h">
      <Filter>Header Files</Filter>
    </ClInclude>
    <ClInclude Include="Sofaobject.h">
      <Filter>Header Files</Filter>
    </ClInclude>
    <ClInclude Include="sofatype.h">
      <Filter>Header Files</Filter>
    </ClInclude>
    <ClInclude Include="SpiralDlg.h">
      <Filter>Header Files</Filter>
    </ClInclude>
    <ClInclude Include="Spiralstair.h">
      <Filter>Header Files</Filter>
    </ClInclude>
    <ClInclude Include="Sport.h">
      <Filter>Header Files</Filter>
    </ClInclude>
    <ClInclude Include="StairDlg.h">
      <Filter>Header Files</Filter>
    </ClInclude>
    <ClInclude Include="Build\Stairs.h">
      <Filter>Header Files</Filter>
    </ClInclude>
    <ClInclude Include="StdAfx.h">
      <Filter>Header Files</Filter>
    </ClInclude>
    <ClInclude Include="StraightWallDlg.h">
      <Filter>Header Files</Filter>
    </ClInclude>
    <ClInclude Include="Tabledlg.h">
      <Filter>Header Files</Filter>
    </ClInclude>
    <ClInclude Include="Tableobject.h">
      <Filter>Header Files</Filter>
    </ClInclude>
    <ClInclude Include="Tex.h">
      <Filter>Header Files</Filter>
    </ClInclude>
    <ClInclude Include="GL3D\Vector3.h">
      <Filter>Header Files</Filter>
    </ClInclude>
    <ClInclude Include="vfd.h">
      <Filter>Header Files</Filter>
    </ClInclude>
    <ClInclude Include="Build\Wall.h">
      <Filter>Header Files</Filter>
    </ClInclude>
    <ClInclude Include="Build\Wind.h">
      <Filter>Header Files</Filter>
    </ClInclude>
  </ItemGroup>
  <ItemGroup>
    <CustomBuild Include="res\Arch.ico">
      <Filter>Resource Files</Filter>
    </CustomBuild>
    <CustomBuild Include="res\Arch.rc2">
      <Filter>Resource Files</Filter>
    </CustomBuild>
    <CustomBuild Include="res\ArchDoc.ico">
      <Filter>Resource Files</Filter>
    </CustomBuild>
    <CustomBuild Include="res\bmp00001.bmp">
      <Filter>Resource Files</Filter>
    </CustomBuild>
    <CustomBuild Include="res\bmp00002.bmp">
      <Filter>Resource Files</Filter>
    </CustomBuild>
    <CustomBuild Include="res\grass.bmp">
      <Filter>Resource Files</Filter>
    </CustomBuild>
    <CustomBuild Include="res\harrow.cur">
      <Filter>Resource Files</Filter>
    </CustomBuild>
    <CustomBuild Include="res\hcross.cur">
      <Filter>Resource Files</Filter>
    </CustomBuild>
    <CustomBuild Include="res\Toolbar.bmp">
      <Filter>Resource Files</Filter>
    </CustomBuild>
    <CustomBuild Include="res\toolbar1.bmp">
      <Filter>Resource Files</Filter>
    </CustomBuild>
    <CustomBuild Include="Arch.reg" />
    <CustomBuild Include="ReadMe.txt" />
  </ItemGroup>
</Project>